<?xml version="1.0" encoding="utf-8"?>
<Project ToolsVersion="4.0" xmlns="http://schemas.microsoft.com/developer/msbuild/2003">
  <ItemGroup>
    <CudaCompile Include="Layers\linear_layer.cu" />
    <CudaCompile Include="main.cu" />
    <CudaCompile Include="layers\relu_layer.cu" />
    <CudaCompile Include="layers\sigmoid_layer.cu" />
    <CudaCompile Include="loss\bce_loss.cu" />
    <CudaCompile Include="layers\sequential.cu" />
    <CudaCompile Include="train\train.cu" />
  </ItemGroup>
  <ItemGroup>
    <ClInclude Include="Layers\linear_layer.h" />
    <ClInclude Include="layers\layer.h" />
    <ClInclude Include="layers\relu_layer.h" />
    <ClInclude Include="layers\sigmoid_layer.h" />
    <ClInclude Include="loss\bce_loss.h" />
    <ClInclude Include="layers\sequential.h" />
    <ClInclude Include="utils\utils.h" />
    <ClInclude Include="train\train.h" />
    <ClInclude Include="data\data_load.h" />
  </ItemGroup>
  <ItemGroup>
    <ClCompile Include="utils\utils.cpp" />
    <ClCompile Include="data\data_load.cpp" />
  </ItemGroup>
  <ItemGroup>
    <None Include="data\data.csv" />
  </ItemGroup>
</Project>